// !$*UTF8*$!
{
	archiveVersion = 1;
	classes = {
	};
	objectVersion = 56;
	objects = {

/* Begin PBXBuildFile section */
		58F5C2062915CEBD00BDE651 /* AppDelegate.swift in Sources */ = {isa = PBXBuildFile; fileRef = 58F5C2052915CEBD00BDE651 /* AppDelegate.swift */; };
		58F5C2082915CEBD00BDE651 /* SceneDelegate.swift in Sources */ = {isa = PBXBuildFile; fileRef = 58F5C2072915CEBD00BDE651 /* SceneDelegate.swift */; };
		58F5C21A2915CF2C00BDE651 /* ToDoListViewController.swift in Sources */ = {isa = PBXBuildFile; fileRef = 58F5C2192915CF2C00BDE651 /* ToDoListViewController.swift */; };
		58F5C21C2915CF9E00BDE651 /* ToDoListView.swift in Sources */ = {isa = PBXBuildFile; fileRef = 58F5C21B2915CF9E00BDE651 /* ToDoListView.swift */; };
		58F5C2232915D13100BDE651 /* CoreData.xcdatamodeld in Sources */ = {isa = PBXBuildFile; fileRef = 58F5C2212915D13100BDE651 /* CoreData.xcdatamodeld */; };
		58F5C2252915D16800BDE651 /* CoreDataStack.swift in Sources */ = {isa = PBXBuildFile; fileRef = 58F5C2242915D16800BDE651 /* CoreDataStack.swift */; };
		58F5C2272915D1A700BDE651 /* ToDoList+CoreData.swift in Sources */ = {isa = PBXBuildFile; fileRef = 58F5C2262915D1A700BDE651 /* ToDoList+CoreData.swift */; };
		58F5C22A2915D21700BDE651 /* CoreDataModelController.swift in Sources */ = {isa = PBXBuildFile; fileRef = 58F5C2292915D21700BDE651 /* CoreDataModelController.swift */; };
		58F5C22C2915E87800BDE651 /* ToDoListViewModel.swift in Sources */ = {isa = PBXBuildFile; fileRef = 58F5C22B2915E87700BDE651 /* ToDoListViewModel.swift */; };
/* End PBXBuildFile section */

/* Begin PBXFileReference section */
		58F5C2022915CEBD00BDE651 /* CoreDataExample.app */ = {isa = PBXFileReference; explicitFileType = wrapper.application; includeInIndex = 0; path = CoreDataExample.app; sourceTree = BUILT_PRODUCTS_DIR; };
		58F5C2052915CEBD00BDE651 /* AppDelegate.swift */ = {isa = PBXFileReference; lastKnownFileType = sourcecode.swift; path = AppDelegate.swift; sourceTree = "<group>"; };
		58F5C2072915CEBD00BDE651 /* SceneDelegate.swift */ = {isa = PBXFileReference; lastKnownFileType = sourcecode.swift; path = SceneDelegate.swift; sourceTree = "<group>"; };
		58F5C2132915CEBF00BDE651 /* Info.plist */ = {isa = PBXFileReference; lastKnownFileType = text.plist.xml; path = Info.plist; sourceTree = "<group>"; };
		58F5C2192915CF2C00BDE651 /* ToDoListViewController.swift */ = {isa = PBXFileReference; lastKnownFileType = sourcecode.swift; path = ToDoListViewController.swift; sourceTree = "<group>"; };
		58F5C21B2915CF9E00BDE651 /* ToDoListView.swift */ = {isa = PBXFileReference; lastKnownFileType = sourcecode.swift; path = ToDoListView.swift; sourceTree = "<group>"; };
		58F5C2222915D13100BDE651 /* CoreData.xcdatamodel */ = {isa = PBXFileReference; lastKnownFileType = wrapper.xcdatamodel; path = CoreData.xcdatamodel; sourceTree = "<group>"; };
		58F5C2242915D16800BDE651 /* CoreDataStack.swift */ = {isa = PBXFileReference; lastKnownFileType = sourcecode.swift; path = CoreDataStack.swift; sourceTree = "<group>"; };
		58F5C2262915D1A700BDE651 /* ToDoList+CoreData.swift */ = {isa = PBXFileReference; lastKnownFileType = sourcecode.swift; path = "ToDoList+CoreData.swift"; sourceTree = "<group>"; };
		58F5C2292915D21700BDE651 /* CoreDataModelController.swift */ = {isa = PBXFileReference; lastKnownFileType = sourcecode.swift; path = CoreDataModelController.swift; sourceTree = "<group>"; };
		58F5C22B2915E87700BDE651 /* ToDoListViewModel.swift */ = {isa = PBXFileReference; lastKnownFileType = sourcecode.swift; path = ToDoListViewModel.swift; sourceTree = "<group>"; };
/* End PBXFileReference section */

/* Begin PBXFrameworksBuildPhase section */
		58F5C1FF2915CEBD00BDE651 /* Frameworks */ = {
			isa = PBXFrameworksBuildPhase;
			buildActionMask = 2147483647;
			files = (
			);
			runOnlyForDeploymentPostprocessing = 0;
		};
/* End PBXFrameworksBuildPhase section */

/* Begin PBXGroup section */
		58F5C1F92915CEBD00BDE651 = {
			isa = PBXGroup;
			children = (
				58F5C2042915CEBD00BDE651 /* CoreDataExample */,
				58F5C2032915CEBD00BDE651 /* Products */,
			);
			sourceTree = "<group>";
		};
		58F5C2032915CEBD00BDE651 /* Products */ = {
			isa = PBXGroup;
			children = (
				58F5C2022915CEBD00BDE651 /* CoreDataExample.app */,
			);
			name = Products;
			sourceTree = "<group>";
		};
		58F5C2042915CEBD00BDE651 /* CoreDataExample */ = {
			isa = PBXGroup;
			children = (
				58F5C2132915CEBF00BDE651 /* Info.plist */,
				58F5C2202915D11D00BDE651 /* Resources */,
				58F5C2282915D1F600BDE651 /* CoreData */,
				58F5C21F2915D11300BDE651 /* ToDoList */,
			);
			path = CoreDataExample;
			sourceTree = "<group>";
		};
		58F5C21F2915D11300BDE651 /* ToDoList */ = {
			isa = PBXGroup;
			children = (
				58F5C21B2915CF9E00BDE651 /* ToDoListView.swift */,
				58F5C22B2915E87700BDE651 /* ToDoListViewModel.swift */,
				58F5C2192915CF2C00BDE651 /* ToDoListViewController.swift */,
			);
			path = ToDoList;
			sourceTree = "<group>";
		};
		58F5C2202915D11D00BDE651 /* Resources */ = {
			isa = PBXGroup;
			children = (
				58F5C2052915CEBD00BDE651 /* AppDelegate.swift */,
				58F5C2072915CEBD00BDE651 /* SceneDelegate.swift */,
			);
			path = Resources;
			sourceTree = "<group>";
		};
		58F5C2282915D1F600BDE651 /* CoreData */ = {
			isa = PBXGroup;
			children = (
				58F5C2242915D16800BDE651 /* CoreDataStack.swift */,
				58F5C2262915D1A700BDE651 /* ToDoList+CoreData.swift */,
				58F5C2292915D21700BDE651 /* CoreDataModelController.swift */,
				58F5C2212915D13100BDE651 /* CoreData.xcdatamodeld */,
			);
			path = CoreData;
			sourceTree = "<group>";
		};
/* End PBXGroup section */

/* Begin PBXNativeTarget section */
		58F5C2012915CEBD00BDE651 /* CoreDataExample */ = {
			isa = PBXNativeTarget;
			buildConfigurationList = 58F5C2162915CEBF00BDE651 /* Build configuration list for PBXNativeTarget "CoreDataExample" */;
			buildPhases = (
				58F5C1FE2915CEBD00BDE651 /* Sources */,
				58F5C1FF2915CEBD00BDE651 /* Frameworks */,
				58F5C2002915CEBD00BDE651 /* Resources */,
			);
			buildRules = (
			);
			dependencies = (
			);
			name = CoreDataExample;
			productName = CoreDataExample;
			productReference = 58F5C2022915CEBD00BDE651 /* CoreDataExample.app */;
			productType = "com.apple.product-type.application";
		};
/* End PBXNativeTarget section */

/* Begin PBXProject section */
		58F5C1FA2915CEBD00BDE651 /* Project object */ = {
			isa = PBXProject;
			attributes = {
				BuildIndependentTargetsInParallel = 1;
				LastSwiftUpdateCheck = 1410;
				LastUpgradeCheck = 1410;
				TargetAttributes = {
					58F5C2012915CEBD00BDE651 = {
						CreatedOnToolsVersion = 14.1;
					};
				};
			};
			buildConfigurationList = 58F5C1FD2915CEBD00BDE651 /* Build configuration list for PBXProject "CoreDataExample" */;
			compatibilityVersion = "Xcode 14.0";
			developmentRegion = en;
			hasScannedForEncodings = 0;
			knownRegions = (
				en,
				Base,
			);
			mainGroup = 58F5C1F92915CEBD00BDE651;
			productRefGroup = 58F5C2032915CEBD00BDE651 /* Products */;
			projectDirPath = "";
			projectRoot = "";
			targets = (
				58F5C2012915CEBD00BDE651 /* CoreDataExample */,
			);
		};
/* End PBXProject section */

/* Begin PBXResourcesBuildPhase section */
		58F5C2002915CEBD00BDE651 /* Resources */ = {
			isa = PBXResourcesBuildPhase;
			buildActionMask = 2147483647;
			files = (
			);
			runOnlyForDeploymentPostprocessing = 0;
		};
/* End PBXResourcesBuildPhase section */

/* Begin PBXSourcesBuildPhase section */
		58F5C1FE2915CEBD00BDE651 /* Sources */ = {
			isa = PBXSourcesBuildPhase;
			buildActionMask = 2147483647;
			files = (
				58F5C22C2915E87800BDE651 /* ToDoListViewModel.swift in Sources */,
				58F5C2252915D16800BDE651 /* CoreDataStack.swift in Sources */,
				58F5C2062915CEBD00BDE651 /* AppDelegate.swift in Sources */,
				58F5C2272915D1A700BDE651 /* ToDoList+CoreData.swift in Sources */,
				58F5C21A2915CF2C00BDE651 /* ToDoListViewController.swift in Sources */,
				58F5C2232915D13100BDE651 /* CoreData.xcdatamodeld in Sources */,
				58F5C21C2915CF9E00BDE651 /* ToDoListView.swift in Sources */,
				58F5C22A2915D21700BDE651 /* CoreDataModelController.swift in Sources */,
				58F5C2082915CEBD00BDE651 /* SceneDelegate.swift in Sources */,
			);
			runOnlyForDeploymentPostprocessing = 0;
		};
/* End PBXSourcesBuildPhase section */

/* Begin XCBuildConfiguration section */
		58F5C2142915CEBF00BDE651 /* Debug */ = {
			isa = XCBuildConfiguration;
			buildSettings = {
				ALWAYS_SEARCH_USER_PATHS = NO;
				CLANG_ANALYZER_NONNULL = YES;
				CLANG_ANALYZER_NUMBER_OBJECT_CONVERSION = YES_AGGRESSIVE;
				CLANG_CXX_LANGUAGE_STANDARD = "gnu++20";
				CLANG_ENABLE_MODULES = YES;
				CLANG_ENABLE_OBJC_ARC = YES;
				CLANG_ENABLE_OBJC_WEAK = YES;
				CLANG_WARN_BLOCK_CAPTURE_AUTORELEASING = YES;
				CLANG_WARN_BOOL_CONVERSION = YES;
				CLANG_WARN_COMMA = YES;
				CLANG_WARN_CONSTANT_CONVERSION = YES;
				CLANG_WARN_DEPRECATED_OBJC_IMPLEMENTATIONS = YES;
				CLANG_WARN_DIRECT_OBJC_ISA_USAGE = YES_ERROR;
				CLANG_WARN_DOCUMENTATION_COMMENTS = YES;
				CLANG_WARN_EMPTY_BODY = YES;
				CLANG_WARN_ENUM_CONVERSION = YES;
				CLANG_WARN_INFINITE_RECURSION = YES;
				CLANG_WARN_INT_CONVERSION = YES;
				CLANG_WARN_NON_LITERAL_NULL_CONVERSION = YES;
				CLANG_WARN_OBJC_IMPLICIT_RETAIN_SELF = YES;
				CLANG_WARN_OBJC_LITERAL_CONVERSION = YES;
				CLANG_WARN_OBJC_ROOT_CLASS = YES_ERROR;
				CLANG_WARN_QUOTED_INCLUDE_IN_FRAMEWORK_HEADER = YES;
				CLANG_WARN_RANGE_LOOP_ANALYSIS = YES;
				CLANG_WARN_STRICT_PROTOTYPES = YES;
				CLANG_WARN_SUSPICIOUS_MOVE = YES;
				CLANG_WARN_UNGUARDED_AVAILABILITY = YES_AGGRESSIVE;
				CLANG_WARN_UNREACHABLE_CODE = YES;
				CLANG_WARN__DUPLICATE_METHOD_MATCH = YES;
				COPY_PHASE_STRIP = NO;
				DEBUG_INFORMATION_FORMAT = dwarf;
				ENABLE_STRICT_OBJC_MSGSEND = YES;
				ENABLE_TESTABILITY = YES;
				GCC_C_LANGUAGE_STANDARD = gnu11;
				GCC_DYNAMIC_NO_PIC = NO;
				GCC_NO_COMMON_BLOCKS = YES;
				GCC_OPTIMIZATION_LEVEL = 0;
				GCC_PREPROCESSOR_DEFINITIONS = (
					"DEBUG=1",
					"$(inherited)",
				);
				GCC_WARN_64_TO_32_BIT_CONVERSION = YES;
				GCC_WARN_ABOUT_RETURN_TYPE = YES_ERROR;
				GCC_WARN_UNDECLARED_SELECTOR = YES;
				GCC_WARN_UNINITIALIZED_AUTOS = YES_AGGRESSIVE;
				GCC_WARN_UNUSED_FUNCTION = YES;
				GCC_WARN_UNUSED_VARIABLE = YES;
				IPHONEOS_DEPLOYMENT_TARGET = 16.1;
				MTL_ENABLE_DEBUG_INFO = INCLUDE_SOURCE;
				MTL_FAST_MATH = YES;
				ONLY_ACTIVE_ARCH = YES;
				SDKROOT = iphoneos;
				SWIFT_ACTIVE_COMPILATION_CONDITIONS = DEBUG;
				SWIFT_OPTIMIZATION_LEVEL = "-Onone";
			};
			name = Debug;
		};
		58F5C2152915CEBF00BDE651 /* Release */ = {
			isa = XCBuildConfiguration;
			buildSettings = {
				ALWAYS_SEARCH_USER_PATHS = NO;
				CLANG_ANALYZER_NONNULL = YES;
				CLANG_ANALYZER_NUMBER_OBJECT_CONVERSION = YES_AGGRESSIVE;
				CLANG_CXX_LANGUAGE_STANDARD = "gnu++20";
				CLANG_ENABLE_MODULES = YES;
				CLANG_ENABLE_OBJC_ARC = YES;
				CLANG_ENABLE_OBJC_WEAK = YES;
				CLANG_WARN_BLOCK_CAPTURE_AUTORELEASING = YES;
				CLANG_WARN_BOOL_CONVERSION = YES;
				CLANG_WARN_COMMA = YES;
				CLANG_WARN_CONSTANT_CONVERSION = YES;
				CLANG_WARN_DEPRECATED_OBJC_IMPLEMENTATIONS = YES;
				CLANG_WARN_DIRECT_OBJC_ISA_USAGE = YES_ERROR;
				CLANG_WARN_DOCUMENTATION_COMMENTS = YES;
				CLANG_WARN_EMPTY_BODY = YES;
				CLANG_WARN_ENUM_CONVERSION = YES;
				CLANG_WARN_INFINITE_RECURSION = YES;
				CLANG_WARN_INT_CONVERSION = YES;
				CLANG_WARN_NON_LITERAL_NULL_CONVERSION = YES;
				CLANG_WARN_OBJC_IMPLICIT_RETAIN_SELF = YES;
				CLANG_WARN_OBJC_LITERAL_CONVERSION = YES;
				CLANG_WARN_OBJC_ROOT_CLASS = YES_ERROR;
				CLANG_WARN_QUOTED_INCLUDE_IN_FRAMEWORK_HEADER = YES;
				CLANG_WARN_RANGE_LOOP_ANALYSIS = YES;
				CLANG_WARN_STRICT_PROTOTYPES = YES;
				CLANG_WARN_SUSPICIOUS_MOVE = YES;
				CLANG_WARN_UNGUARDED_AVAILABILITY = YES_AGGRESSIVE;
				CLANG_WARN_UNREACHABLE_CODE = YES;
				CLANG_WARN__DUPLICATE_METHOD_MATCH = YES;
				COPY_PHASE_STRIP = NO;
				DEBUG_INFORMATION_FORMAT = "dwarf-with-dsym";
				ENABLE_NS_ASSERTIONS = NO;
				ENABLE_STRICT_OBJC_MSGSEND = YES;
				GCC_C_LANGUAGE_STANDARD = gnu11;
				GCC_NO_COMMON_BLOCKS = YES;
				GCC_WARN_64_TO_32_BIT_CONVERSION = YES;
				GCC_WARN_ABOUT_RETURN_TYPE = YES_ERROR;
				GCC_WARN_UNDECLARED_SELECTOR = YES;
				GCC_WARN_UNINITIALIZED_AUTOS = YES_AGGRESSIVE;
				GCC_WARN_UNUSED_FUNCTION = YES;
				GCC_WARN_UNUSED_VARIABLE = YES;
				IPHONEOS_DEPLOYMENT_TARGET = 16.1;
				MTL_ENABLE_DEBUG_INFO = NO;
				MTL_FAST_MATH = YES;
				SDKROOT = iphoneos;
				SWIFT_COMPILATION_MODE = wholemodule;
				SWIFT_OPTIMIZATION_LEVEL = "-O";
				VALIDATE_PRODUCT = YES;
			};
			name = Release;
		};
		58F5C2172915CEBF00BDE651 /* Debug */ = {
			isa = XCBuildConfiguration;
			buildSettings = {
				ASSETCATALOG_COMPILER_APPICON_NAME = AppIcon;
				ASSETCATALOG_COMPILER_GLOBAL_ACCENT_COLOR_NAME = AccentColor;
				CODE_SIGN_STYLE = Automatic;
				CURRENT_PROJECT_VERSION = 1;
				DEVELOPMENT_TEAM = JN4DDTS7AA;
				GENERATE_INFOPLIST_FILE = YES;
				INFOPLIST_FILE = CoreDataExample/Info.plist;
				INFOPLIST_KEY_UIApplicationSupportsIndirectInputEvents = YES;
				INFOPLIST_KEY_UILaunchStoryboardName = LaunchScreen;
				INFOPLIST_KEY_UISupportedInterfaceOrientations_iPad = "UIInterfaceOrientationPortrait UIInterfaceOrientationPortraitUpsideDown UIInterfaceOrientationLandscapeLeft UIInterfaceOrientationLandscapeRight";
				INFOPLIST_KEY_UISupportedInterfaceOrientations_iPhone = "UIInterfaceOrientationPortrait UIInterfaceOrientationLandscapeLeft UIInterfaceOrientationLandscapeRight";
				LD_RUNPATH_SEARCH_PATHS = (
					"$(inherited)",
					"@executable_path/Frameworks",
				);
				MARKETING_VERSION = 1.0;
				PRODUCT_BUNDLE_IDENTIFIER = com.hollis.CoreDataExample;
				PRODUCT_NAME = "$(TARGET_NAME)";
				SWIFT_EMIT_LOC_STRINGS = YES;
				SWIFT_VERSION = 5.0;
				TARGETED_DEVICE_FAMILY = "1,2";
			};
			name = Debug;
		};
		58F5C2182915CEBF00BDE651 /* Release */ = {
			isa = XCBuildConfiguration;
			buildSettings = {
				ASSETCATALOG_COMPILER_APPICON_NAME = AppIcon;
				ASSETCATALOG_COMPILER_GLOBAL_ACCENT_COLOR_NAME = AccentColor;
				CODE_SIGN_STYLE = Automatic;
				CURRENT_PROJECT_VERSION = 1;
				DEVELOPMENT_TEAM = JN4DDTS7AA;
				GENERATE_INFOPLIST_FILE = YES;
				INFOPLIST_FILE = CoreDataExample/Info.plist;
				INFOPLIST_KEY_UIApplicationSupportsIndirectInputEvents = YES;
				INFOPLIST_KEY_UILaunchStoryboardName = LaunchScreen;
				INFOPLIST_KEY_UISupportedInterfaceOrientations_iPad = "UIInterfaceOrientationPortrait UIInterfaceOrientationPortraitUpsideDown UIInterfaceOrientationLandscapeLeft UIInterfaceOrientationLandscapeRight";
				INFOPLIST_KEY_UISupportedInterfaceOrientations_iPhone = "UIInterfaceOrientationPortrait UIInterfaceOrientationLandscapeLeft UIInterfaceOrientationLandscapeRight";
				LD_RUNPATH_SEARCH_PATHS = (
					"$(inherited)",
					"@executable_path/Frameworks",
				);
				MARKETING_VERSION = 1.0;
				PRODUCT_BUNDLE_IDENTIFIER = com.hollis.CoreDataExample;
				PRODUCT_NAME = "$(TARGET_NAME)";
				SWIFT_EMIT_LOC_STRINGS = YES;
				SWIFT_VERSION = 5.0;
				TARGETED_DEVICE_FAMILY = "1,2";
			};
			name = Release;
		};
/* End XCBuildConfiguration section */

/* Begin XCConfigurationList section */
		58F5C1FD2915CEBD00BDE651 /* Build configuration list for PBXProject "CoreDataExample" */ = {
			isa = XCConfigurationList;
			buildConfigurations = (
				58F5C2142915CEBF00BDE651 /* Debug */,
				58F5C2152915CEBF00BDE651 /* Release */,
			);
			defaultConfigurationIsVisible = 0;
			defaultConfigurationName = Release;
		};
		58F5C2162915CEBF00BDE651 /* Build configuration list for PBXNativeTarget "CoreDataExample" */ = {
			isa = XCConfigurationList;
			buildConfigurations = (
				58F5C2172915CEBF00BDE651 /* Debug */,
				58F5C2182915CEBF00BDE651 /* Release */,
			);
			defaultConfigurationIsVisible = 0;
			defaultConfigurationName = Release;
		};
/* End XCConfigurationList section */

/* Begin XCVersionGroup section */
		58F5C2212915D13100BDE651 /* CoreData.xcdatamodeld */ = {
			isa = XCVersionGroup;
			children = (
				58F5C2222915D13100BDE651 /* CoreData.xcdatamodel */,
			);
			currentVersion = 58F5C2222915D13100BDE651 /* CoreData.xcdatamodel */;
			path = CoreData.xcdatamodeld;
			sourceTree = "<group>";
			versionGroupType = wrapper.xcdatamodel;
		};
/* End XCVersionGroup section */
	};
	rootObject = 58F5C1FA2915CEBD00BDE651 /* Project object */;
}
